
Microsoft Visual Studio Solution File, Format Version 12.00
Project("{FAE04EC0-301F-11D3-BF4B-00C04F79EFBC}") = "DeviceStore.API", "src/DeviceStore.API\DeviceStore.API.csproj", "{3191BB18-3C0A-488D-ACDA-D5FA3E46F133}"
EndProject
Project("{FAE04EC0-301F-11D3-BF4B-00C04F79EFBC}") = "DeviceStore.Repository", "src/DeviceStore.Repository\DeviceStore.Repository.csproj", "{BB25FDDE-E82E-42E3-9831-6B78B1B44D75}"
EndProject
Project("{FAE04EC0-301F-11D3-BF4B-00C04F79EFBC}") = "DeviceStore.Application", "src/DeviceStore.Application\DeviceStore.Application.csproj", "{4B654592-EC30-422B-911F-8490FD817FC7}"
EndProject
Project("{FAE04EC0-301F-11D3-BF4B-00C04F79EFBC}") = "DeviceStore.Models", "src/DeviceStore.Models\DeviceStore.Models.csproj", "{A84EA815-4B54-45AC-BA09-F40604A8F740}"
EndProject
Global
	GlobalSection(SolutionConfigurationPlatforms) = preSolution
		Debug|Any CPU = Debug|Any CPU
		Release|Any CPU = Release|Any CPU
	EndGlobalSection
	GlobalSection(ProjectConfigurationPlatforms) = postSolution
		{3191BB18-3C0A-488D-ACDA-D5FA3E46F133}.Debug|Any CPU.ActiveCfg = Debug|Any CPU
		{3191BB18-3C0A-488D-ACDA-D5FA3E46F133}.Debug|Any CPU.Build.0 = Debug|Any CPU
		{3191BB18-3C0A-488D-ACDA-D5FA3E46F133}.Release|Any CPU.ActiveCfg = Release|Any CPU
		{3191BB18-3C0A-488D-ACDA-D5FA3E46F133}.Release|Any CPU.Build.0 = Release|Any CPU
		{BB25FDDE-E82E-42E3-9831-6B78B1B44D75}.Debug|Any CPU.ActiveCfg = Debug|Any CPU
		{BB25FDDE-E82E-42E3-9831-6B78B1B44D75}.Debug|Any CPU.Build.0 = Debug|Any CPU
		{BB25FDDE-E82E-42E3-9831-6B78B1B44D75}.Release|Any CPU.ActiveCfg = Release|Any CPU
		{BB25FDDE-E82E-42E3-9831-6B78B1B44D75}.Release|Any CPU.Build.0 = Release|Any CPU
		{4B654592-EC30-422B-911F-8490FD817FC7}.Debug|Any CPU.ActiveCfg = Debug|Any CPU
		{4B654592-EC30-422B-911F-8490FD817FC7}.Debug|Any CPU.Build.0 = Debug|Any CPU
		{4B654592-EC30-422B-911F-8490FD817FC7}.Release|Any CPU.ActiveCfg = Release|Any CPU
		{4B654592-EC30-422B-911F-8490FD817FC7}.Release|Any CPU.Build.0 = Release|Any CPU
		{A84EA815-4B54-45AC-BA09-F40604A8F740}.Debug|Any CPU.ActiveCfg = Debug|Any CPU
		{A84EA815-4B54-45AC-BA09-F40604A8F740}.Debug|Any CPU.Build.0 = Debug|Any CPU
		{A84EA815-4B54-45AC-BA09-F40604A8F740}.Release|Any CPU.ActiveCfg = Release|Any CPU
		{A84EA815-4B54-45AC-BA09-F40604A8F740}.Release|Any CPU.Build.0 = Release|Any CPU
	EndGlobalSection
EndGlobal
